
Microsoft Visual Studio Solution File, Format Version 12.00
# Visual Studio 15
VisualStudioVersion = 15.0.28307.572
MinimumVisualStudioVersion = 10.0.40219.1
Project("{9A19103F-16F7-4668-BE54-9A1E7A4F7556}") = "Spinning", "Spinning\Spinning.csproj", "{638F2D8D-812E-4538-854C-0952CDDA9F41}"
EndProject
Project("{9A19103F-16F7-4668-BE54-9A1E7A4F7556}") = "Spinning.Models", "Spinning.Models\Spinning.Models.csproj", "{5949F6D4-CB41-477B-909D-41D9D85B833C}"
EndProject
Project("{9A19103F-16F7-4668-BE54-9A1E7A4F7556}") = "Spinning.Webapp", "Spinning.Webapp\Spinning.Webapp.csproj", "{5F14E250-321E-4095-ADF9-48B6BE2645BF}"
EndProject
Project("{FAE04EC0-301F-11D3-BF4B-00C04F79EFBC}") = "Spinning.MobileApp.Android", "Spinning.MobileApp\Spinning.MobileApp.Android\Spinning.MobileApp.Android.csproj", "{A10701C3-9892-41C2-9B7C-7DD7903F2C46}"
EndProject
Project("{FAE04EC0-301F-11D3-BF4B-00C04F79EFBC}") = "Spinning.MobileApp.iOS", "Spinning.MobileApp\Spinning.MobileApp.iOS\Spinning.MobileApp.iOS.csproj", "{C9B612A4-74C2-4BB4-BC5B-3C2985B04A84}"
EndProject
Project("{FAE04EC0-301F-11D3-BF4B-00C04F79EFBC}") = "Spinning.MobileApp", "Spinning.MobileApp\Spinning.MobileApp\Spinning.MobileApp.csproj", "{7F6234BB-EBA8-4902-A47D-7F653B5E05C6}"
EndProject
Global
	GlobalSection(SolutionConfigurationPlatforms) = preSolution
		Ad-Hoc|Any CPU = Ad-Hoc|Any CPU
		Ad-Hoc|iPhone = Ad-Hoc|iPhone
		Ad-Hoc|iPhoneSimulator = Ad-Hoc|iPhoneSimulator
		AppStore|Any CPU = AppStore|Any CPU
		AppStore|iPhone = AppStore|iPhone
		AppStore|iPhoneSimulator = AppStore|iPhoneSimulator
		Debug|Any CPU = Debug|Any CPU
		Debug|iPhone = Debug|iPhone
		Debug|iPhoneSimulator = Debug|iPhoneSimulator
		Release|Any CPU = Release|Any CPU
		Release|iPhone = Release|iPhone
		Release|iPhoneSimulator = Release|iPhoneSimulator
	EndGlobalSection
	GlobalSection(ProjectConfigurationPlatforms) = postSolution
		{638F2D8D-812E-4538-854C-0952CDDA9F41}.Ad-Hoc|Any CPU.ActiveCfg = Release|Any CPU
		{638F2D8D-812E-4538-854C-0952CDDA9F41}.Ad-Hoc|Any CPU.Build.0 = Release|Any CPU
		{638F2D8D-812E-4538-854C-0952CDDA9F41}.Ad-Hoc|iPhone.ActiveCfg = Release|Any CPU
		{638F2D8D-812E-4538-854C-0952CDDA9F41}.Ad-Hoc|iPhone.Build.0 = Release|Any CPU
		{638F2D8D-812E-4538-854C-0952CDDA9F41}.Ad-Hoc|iPhoneSimulator.ActiveCfg = Release|Any CPU
		{638F2D8D-812E-4538-854C-0952CDDA9F41}.Ad-Hoc|iPhoneSimulator.Build.0 = Release|Any CPU
		{638F2D8D-812E-4538-854C-0952CDDA9F41}.AppStore|Any CPU.ActiveCfg = Release|Any CPU
		{638F2D8D-812E-4538-854C-0952CDDA9F41}.AppStore|Any CPU.Build.0 = Release|Any CPU
		{638F2D8D-812E-4538-854C-0952CDDA9F41}.AppStore|iPhone.ActiveCfg = Release|Any CPU
		{638F2D8D-812E-4538-854C-0952CDDA9F41}.AppStore|iPhone.Build.0 = Release|Any CPU
		{638F2D8D-812E-4538-854C-0952CDDA9F41}.AppStore|iPhoneSimulator.ActiveCfg = Release|Any CPU
		{638F2D8D-812E-4538-854C-0952CDDA9F41}.AppStore|iPhoneSimulator.Build.0 = Release|Any CPU
		{638F2D8D-812E-4538-854C-0952CDDA9F41}.Debug|Any CPU.ActiveCfg = Debug|Any CPU
		{638F2D8D-812E-4538-854C-0952CDDA9F41}.Debug|Any CPU.Build.0 = Debug|Any CPU
		{638F2D8D-812E-4538-854C-0952CDDA9F41}.Debug|iPhone.ActiveCfg = Debug|Any CPU
		{638F2D8D-812E-4538-854C-0952CDDA9F41}.Debug|iPhone.Build.0 = Debug|Any CPU
		{638F2D8D-812E-4538-854C-0952CDDA9F41}.Debug|iPhoneSimulator.ActiveCfg = Debug|Any CPU
		{638F2D8D-812E-4538-854C-0952CDDA9F41}.Debug|iPhoneSimulator.Build.0 = Debug|Any CPU
		{638F2D8D-812E-4538-854C-0952CDDA9F41}.Release|Any CPU.ActiveCfg = Release|Any CPU
		{638F2D8D-812E-4538-854C-0952CDDA9F41}.Release|Any CPU.Build.0 = Release|Any CPU
		{638F2D8D-812E-4538-854C-0952CDDA9F41}.Release|iPhone.ActiveCfg = Release|Any CPU
		{638F2D8D-812E-4538-854C-0952CDDA9F41}.Release|iPhone.Build.0 = Release|Any CPU
		{638F2D8D-812E-4538-854C-0952CDDA9F41}.Release|iPhoneSimulator.ActiveCfg = Release|Any CPU
		{638F2D8D-812E-4538-854C-0952CDDA9F41}.Release|iPhoneSimulator.Build.0 = Release|Any CPU
		{5949F6D4-CB41-477B-909D-41D9D85B833C}.Ad-Hoc|Any CPU.ActiveCfg = Release|Any CPU
		{5949F6D4-CB41-477B-909D-41D9D85B833C}.Ad-Hoc|Any CPU.Build.0 = Release|Any CPU
		{5949F6D4-CB41-477B-909D-41D9D85B833C}.Ad-Hoc|iPhone.ActiveCfg = Release|Any CPU
		{5949F6D4-CB41-477B-909D-41D9D85B833C}.Ad-Hoc|iPhone.Build.0 = Release|Any CPU
		{5949F6D4-CB41-477B-909D-41D9D85B833C}.Ad-Hoc|iPhoneSimulator.ActiveCfg = Release|Any CPU
		{5949F6D4-CB41-477B-909D-41D9D85B833C}.Ad-Hoc|iPhoneSimulator.Build.0 = Release|Any CPU
		{5949F6D4-CB41-477B-909D-41D9D85B833C}.AppStore|Any CPU.ActiveCfg = Release|Any CPU
		{5949F6D4-CB41-477B-909D-41D9D85B833C}.AppStore|Any CPU.Build.0 = Release|Any CPU
		{5949F6D4-CB41-477B-909D-41D9D85B833C}.AppStore|iPhone.ActiveCfg = Release|Any CPU
		{5949F6D4-CB41-477B-909D-41D9D85B833C}.AppStore|iPhone.Build.0 = Release|Any CPU
		{5949F6D4-CB41-477B-909D-41D9D85B833C}.AppStore|iPhoneSimulator.ActiveCfg = Release|Any CPU
		{5949F6D4-CB41-477B-909D-41D9D85B833C}.AppStore|iPhoneSimulator.Build.0 = Release|Any CPU
		{5949F6D4-CB41-477B-909D-41D9D85B833C}.Debug|Any CPU.ActiveCfg = Debug|Any CPU
		{5949F6D4-CB41-477B-909D-41D9D85B833C}.Debug|Any CPU.Build.0 = Debug|Any CPU
		{5949F6D4-CB41-477B-909D-41D9D85B833C}.Debug|iPhone.ActiveCfg = Debug|Any CPU
		{5949F6D4-CB41-477B-909D-41D9D85B833C}.Debug|iPhone.Build.0 = Debug|Any CPU
		{5949F6D4-CB41-477B-909D-41D9D85B833C}.Debug|iPhoneSimulator.ActiveCfg = Debug|Any CPU
		{5949F6D4-CB41-477B-909D-41D9D85B833C}.Debug|iPhoneSimulator.Build.0 = Debug|Any CPU
		{5949F6D4-CB41-477B-909D-41D9D85B833C}.Release|Any CPU.ActiveCfg = Release|Any CPU
		{5949F6D4-CB41-477B-909D-41D9D85B833C}.Release|Any CPU.Build.0 = Release|Any CPU
		{5949F6D4-CB41-477B-909D-41D9D85B833C}.Release|iPhone.ActiveCfg = Release|Any CPU
		{5949F6D4-CB41-477B-909D-41D9D85B833C}.Release|iPhone.Build.0 = Release|Any CPU
		{5949F6D4-CB41-477B-909D-41D9D85B833C}.Release|iPhoneSimulator.ActiveCfg = Release|Any CPU
		{5949F6D4-CB41-477B-909D-41D9D85B833C}.Release|iPhoneSimulator.Build.0 = Release|Any CPU
		{5F14E250-321E-4095-ADF9-48B6BE2645BF}.Ad-Hoc|Any CPU.ActiveCfg = Release|Any CPU
		{5F14E250-321E-4095-ADF9-48B6BE2645BF}.Ad-Hoc|Any CPU.Build.0 = Release|Any CPU
		{5F14E250-321E-4095-ADF9-48B6BE2645BF}.Ad-Hoc|iPhone.ActiveCfg = Release|Any CPU
		{5F14E250-321E-4095-ADF9-48B6BE2645BF}.Ad-Hoc|iPhone.Build.0 = Release|Any CPU
		{5F14E250-321E-4095-ADF9-48B6BE2645BF}.Ad-Hoc|iPhoneSimulator.ActiveCfg = Release|Any CPU
		{5F14E250-321E-4095-ADF9-48B6BE2645BF}.Ad-Hoc|iPhoneSimulator.Build.0 = Release|Any CPU
		{5F14E250-321E-4095-ADF9-48B6BE2645BF}.AppStore|Any CPU.ActiveCfg = Release|Any CPU
		{5F14E250-321E-4095-ADF9-48B6BE2645BF}.AppStore|Any CPU.Build.0 = Release|Any CPU
		{5F14E250-321E-4095-ADF9-48B6BE2645BF}.AppStore|iPhone.ActiveCfg = Release|Any CPU
		{5F14E250-321E-4095-ADF9-48B6BE2645BF}.AppStore|iPhone.Build.0 = Release|Any CPU
		{5F14E250-321E-4095-ADF9-48B6BE2645BF}.AppStore|iPhoneSimulator.ActiveCfg = Release|Any CPU
		{5F14E250-321E-4095-ADF9-48B6BE2645BF}.AppStore|iPhoneSimulator.Build.0 = Release|Any CPU
		{5F14E250-321E-4095-ADF9-48B6BE2645BF}.Debug|Any CPU.ActiveCfg = Debug|Any CPU
		{5F14E250-321E-4095-ADF9-48B6BE2645BF}.Debug|Any CPU.Build.0 = Debug|Any CPU
		{5F14E250-321E-4095-ADF9-48B6BE2645BF}.Debug|iPhone.ActiveCfg = Debug|Any CPU
		{5F14E250-321E-4095-ADF9-48B6BE2645BF}.Debug|iPhone.Build.0 = Debug|Any CPU
		{5F14E250-321E-4095-ADF9-48B6BE2645BF}.Debug|iPhoneSimulator.ActiveCfg = Debug|Any CPU
		{5F14E250-321E-4095-ADF9-48B6BE2645BF}.Debug|iPhoneSimulator.Build.0 = Debug|Any CPU
		{5F14E250-321E-4095-ADF9-48B6BE2645BF}.Release|Any CPU.ActiveCfg = Release|Any CPU
		{5F14E250-321E-4095-ADF9-48B6BE2645BF}.Release|Any CPU.Build.0 = Release|Any CPU
		{5F14E250-321E-4095-ADF9-48B6BE2645BF}.Release|iPhone.ActiveCfg = Release|Any CPU
		{5F14E250-321E-4095-ADF9-48B6BE2645BF}.Release|iPhone.Build.0 = Release|Any CPU
		{5F14E250-321E-4095-ADF9-48B6BE2645BF}.Release|iPhoneSimulator.ActiveCfg = Release|Any CPU
		{5F14E250-321E-4095-ADF9-48B6BE2645BF}.Release|iPhoneSimulator.Build.0 = Release|Any CPU
		{A10701C3-9892-41C2-9B7C-7DD7903F2C46}.Ad-Hoc|Any CPU.ActiveCfg = Release|Any CPU
		{A10701C3-9892-41C2-9B7C-7DD7903F2C46}.Ad-Hoc|Any CPU.Build.0 = Release|Any CPU
		{A10701C3-9892-41C2-9B7C-7DD7903F2C46}.Ad-Hoc|Any CPU.Deploy.0 = Release|Any CPU
		{A10701C3-9892-41C2-9B7C-7DD7903F2C46}.Ad-Hoc|iPhone.ActiveCfg = Release|Any CPU
		{A10701C3-9892-41C2-9B7C-7DD7903F2C46}.Ad-Hoc|iPhone.Build.0 = Release|Any CPU
		{A10701C3-9892-41C2-9B7C-7DD7903F2C46}.Ad-Hoc|iPhone.Deploy.0 = Release|Any CPU
		{A10701C3-9892-41C2-9B7C-7DD7903F2C46}.Ad-Hoc|iPhoneSimulator.ActiveCfg = Release|Any CPU
		{A10701C3-9892-41C2-9B7C-7DD7903F2C46}.Ad-Hoc|iPhoneSimulator.Build.0 = Release|Any CPU
		{A10701C3-9892-41C2-9B7C-7DD7903F2C46}.Ad-Hoc|iPhoneSimulator.Deploy.0 = Release|Any CPU
		{A10701C3-9892-41C2-9B7C-7DD7903F2C46}.AppStore|Any CPU.ActiveCfg = Release|Any CPU
		{A10701C3-9892-41C2-9B7C-7DD7903F2C46}.AppStore|Any CPU.Build.0 = Release|Any CPU
		{A10701C3-9892-41C2-9B7C-7DD7903F2C46}.AppStore|Any CPU.Deploy.0 = Release|Any CPU
		{A10701C3-9892-41C2-9B7C-7DD7903F2C46}.AppStore|iPhone.ActiveCfg = Release|Any CPU
		{A10701C3-9892-41C2-9B7C-7DD7903F2C46}.AppStore|iPhone.Build.0 = Release|Any CPU
		{A10701C3-9892-41C2-9B7C-7DD7903F2C46}.AppStore|iPhone.Deploy.0 = Release|Any CPU
		{A10701C3-9892-41C2-9B7C-7DD7903F2C46}.AppStore|iPhoneSimulator.ActiveCfg = Release|Any CPU
		{A10701C3-9892-41C2-9B7C-7DD7903F2C46}.AppStore|iPhoneSimulator.Build.0 = Release|Any CPU
		{A10701C3-9892-41C2-9B7C-7DD7903F2C46}.AppStore|iPhoneSimulator.Deploy.0 = Release|Any CPU
		{A10701C3-9892-41C2-9B7C-7DD7903F2C46}.Debug|Any CPU.ActiveCfg = Debug|Any CPU
		{A10701C3-9892-41C2-9B7C-7DD7903F2C46}.Debug|Any CPU.Build.0 = Debug|Any CPU
		{A10701C3-9892-41C2-9B7C-7DD7903F2C46}.Debug|Any CPU.Deploy.0 = Debug|Any CPU
		{A10701C3-9892-41C2-9B7C-7DD7903F2C46}.Debug|iPhone.ActiveCfg = Debug|Any CPU
		{A10701C3-9892-41C2-9B7C-7DD7903F2C46}.Debug|iPhone.Build.0 = Debug|Any CPU
		{A10701C3-9892-41C2-9B7C-7DD7903F2C46}.Debug|iPhone.Deploy.0 = Debug|Any CPU
		{A10701C3-9892-41C2-9B7C-7DD7903F2C46}.Debug|iPhoneSimulator.ActiveCfg = Debug|Any CPU
		{A10701C3-9892-41C2-9B7C-7DD7903F2C46}.Debug|iPhoneSimulator.Build.0 = Debug|Any CPU
		{A10701C3-9892-41C2-9B7C-7DD7903F2C46}.Debug|iPhoneSimulator.Deploy.0 = Debug|Any CPU
		{A10701C3-9892-41C2-9B7C-7DD7903F2C46}.Release|Any CPU.ActiveCfg = Release|Any CPU
		{A10701C3-9892-41C2-9B7C-7DD7903F2C46}.Release|Any CPU.Build.0 = Release|Any CPU
		{A10701C3-9892-41C2-9B7C-7DD7903F2C46}.Release|Any CPU.Deploy.0 = Release|Any CPU
		{A10701C3-9892-41C2-9B7C-7DD7903F2C46}.Release|iPhone.ActiveCfg = Release|Any CPU
		{A10701C3-9892-41C2-9B7C-7DD7903F2C46}.Release|iPhone.Build.0 = Release|Any CPU
		{A10701C3-9892-41C2-9B7C-7DD7903F2C46}.Release|iPhone.Deploy.0 = Release|Any CPU
		{A10701C3-9892-41C2-9B7C-7DD7903F2C46}.Release|iPhoneSimulator.ActiveCfg = Release|Any CPU
		{A10701C3-9892-41C2-9B7C-7DD7903F2C46}.Release|iPhoneSimulator.Build.0 = Release|Any CPU
		{A10701C3-9892-41C2-9B7C-7DD7903F2C46}.Release|iPhoneSimulator.Deploy.0 = Release|Any CPU
		{C9B612A4-74C2-4BB4-BC5B-3C2985B04A84}.Ad-Hoc|Any CPU.ActiveCfg = Ad-Hoc|iPhone
		{C9B612A4-74C2-4BB4-BC5B-3C2985B04A84}.Ad-Hoc|iPhone.ActiveCfg = Ad-Hoc|iPhone
		{C9B612A4-74C2-4BB4-BC5B-3C2985B04A84}.Ad-Hoc|iPhone.Build.0 = Ad-Hoc|iPhone
		{C9B612A4-74C2-4BB4-BC5B-3C2985B04A84}.Ad-Hoc|iPhoneSimulator.ActiveCfg = Ad-Hoc|iPhoneSimulator
		{C9B612A4-74C2-4BB4-BC5B-3C2985B04A84}.Ad-Hoc|iPhoneSimulator.Build.0 = Ad-Hoc|iPhoneSimulator
		{C9B612A4-74C2-4BB4-BC5B-3C2985B04A84}.AppStore|Any CPU.ActiveCfg = AppStore|iPhone
		{C9B612A4-74C2-4BB4-BC5B-3C2985B04A84}.AppStore|iPhone.ActiveCfg = AppStore|iPhone
		{C9B612A4-74C2-4BB4-BC5B-3C2985B04A84}.AppStore|iPhone.Build.0 = AppStore|iPhone
		{C9B612A4-74C2-4BB4-BC5B-3C2985B04A84}.AppStore|iPhoneSimulator.ActiveCfg = AppStore|iPhoneSimulator
		{C9B612A4-74C2-4BB4-BC5B-3C2985B04A84}.AppStore|iPhoneSimulator.Build.0 = AppStore|iPhoneSimulator
		{C9B612A4-74C2-4BB4-BC5B-3C2985B04A84}.Debug|Any CPU.ActiveCfg = Debug|iPhone
		{C9B612A4-74C2-4BB4-BC5B-3C2985B04A84}.Debug|iPhone.ActiveCfg = Debug|iPhone
		{C9B612A4-74C2-4BB4-BC5B-3C2985B04A84}.Debug|iPhone.Build.0 = Debug|iPhone
		{C9B612A4-74C2-4BB4-BC5B-3C2985B04A84}.Debug|iPhoneSimulator.ActiveCfg = Debug|iPhoneSimulator
		{C9B612A4-74C2-4BB4-BC5B-3C2985B04A84}.Debug|iPhoneSimulator.Build.0 = Debug|iPhoneSimulator
		{C9B612A4-74C2-4BB4-BC5B-3C2985B04A84}.Release|Any CPU.ActiveCfg = Release|iPhone
		{C9B612A4-74C2-4BB4-BC5B-3C2985B04A84}.Release|iPhone.ActiveCfg = Release|iPhone
		{C9B612A4-74C2-4BB4-BC5B-3C2985B04A84}.Release|iPhone.Build.0 = Release|iPhone
		{C9B612A4-74C2-4BB4-BC5B-3C2985B04A84}.Release|iPhoneSimulator.ActiveCfg = Release|iPhoneSimulator
		{C9B612A4-74C2-4BB4-BC5B-3C2985B04A84}.Release|iPhoneSimulator.Build.0 = Release|iPhoneSimulator
		{7F6234BB-EBA8-4902-A47D-7F653B5E05C6}.Ad-Hoc|Any CPU.ActiveCfg = Debug|Any CPU
		{7F6234BB-EBA8-4902-A47D-7F653B5E05C6}.Ad-Hoc|Any CPU.Build.0 = Debug|Any CPU
		{7F6234BB-EBA8-4902-A47D-7F653B5E05C6}.Ad-Hoc|iPhone.ActiveCfg = Debug|Any CPU
		{7F6234BB-EBA8-4902-A47D-7F653B5E05C6}.Ad-Hoc|iPhone.Build.0 = Debug|Any CPU
		{7F6234BB-EBA8-4902-A47D-7F653B5E05C6}.Ad-Hoc|iPhoneSimulator.ActiveCfg = Debug|Any CPU
		{7F6234BB-EBA8-4902-A47D-7F653B5E05C6}.Ad-Hoc|iPhoneSimulator.Build.0 = Debug|Any CPU
		{7F6234BB-EBA8-4902-A47D-7F653B5E05C6}.AppStore|Any CPU.ActiveCfg = Debug|Any CPU
		{7F6234BB-EBA8-4902-A47D-7F653B5E05C6}.AppStore|Any CPU.Build.0 = Debug|Any CPU
		{7F6234BB-EBA8-4902-A47D-7F653B5E05C6}.AppStore|iPhone.ActiveCfg = Debug|Any CPU
		{7F6234BB-EBA8-4902-A47D-7F653B5E05C6}.AppStore|iPhone.Build.0 = Debug|Any CPU
		{7F6234BB-EBA8-4902-A47D-7F653B5E05C6}.AppStore|iPhoneSimulator.ActiveCfg = Debug|Any CPU
		{7F6234BB-EBA8-4902-A47D-7F653B5E05C6}.AppStore|iPhoneSimulator.Build.0 = Debug|Any CPU
		{7F6234BB-EBA8-4902-A47D-7F653B5E05C6}.Debug|Any CPU.ActiveCfg = Debug|Any CPU
		{7F6234BB-EBA8-4902-A47D-7F653B5E05C6}.Debug|Any CPU.Build.0 = Debug|Any CPU
		{7F6234BB-EBA8-4902-A47D-7F653B5E05C6}.Debug|iPhone.ActiveCfg = Debug|Any CPU
		{7F6234BB-EBA8-4902-A47D-7F653B5E05C6}.Debug|iPhone.Build.0 = Debug|Any CPU
		{7F6234BB-EBA8-4902-A47D-7F653B5E05C6}.Debug|iPhoneSimulator.ActiveCfg = Debug|Any CPU
		{7F6234BB-EBA8-4902-A47D-7F653B5E05C6}.Debug|iPhoneSimulator.Build.0 = Debug|Any CPU
		{7F6234BB-EBA8-4902-A47D-7F653B5E05C6}.Release|Any CPU.ActiveCfg = Release|Any CPU
		{7F6234BB-EBA8-4902-A47D-7F653B5E05C6}.Release|Any CPU.Build.0 = Release|Any CPU
		{7F6234BB-EBA8-4902-A47D-7F653B5E05C6}.Release|iPhone.ActiveCfg = Release|Any CPU
		{7F6234BB-EBA8-4902-A47D-7F653B5E05C6}.Release|iPhone.Build.0 = Release|Any CPU
		{7F6234BB-EBA8-4902-A47D-7F653B5E05C6}.Release|iPhoneSimulator.ActiveCfg = Release|Any CPU
		{7F6234BB-EBA8-4902-A47D-7F653B5E05C6}.Release|iPhoneSimulator.Build.0 = Release|Any CPU
	EndGlobalSection
	GlobalSection(SolutionProperties) = preSolution
		HideSolutionNode = FALSE
	EndGlobalSection
	GlobalSection(ExtensibilityGlobals) = postSolution
		SolutionGuid = {1B790A1D-9535-4EFC-8586-D7A45BD953DD}
	EndGlobalSection
EndGlobal
